{
  "name": "DDNS",
  "lockfileVersion": 3,
  "requires": true,
  "packages": {
    "": {
      "dependencies": {
        "emailjs": "^5.0.0"
      }
    },
    "node_modules/emailjs": {
      "version": "5.0.0",
      "resolved": "https://registry.npmjs.org/emailjs/-/emailjs-5.0.0.tgz",
      "integrity": "sha512-J7gxswcLGRZQM+HQBgll0DJuEMFiJIa7UzgK3GsjlytyRS4X2z7K1brQLlezEs3ul+jqvYYoCTqPAgWrVZf0mw==",
      "license": "MIT",
      "engines": {
        "node": ">=18"
      },
      "peerDependencies": {
        "typescript": ">=5.0.0"
      },
      "peerDependenciesMeta": {
        "typescript": {
          "optional": true
        }
      }
    }
  }
}
